
Microsoft Visual Studio Solution File, Format Version 12.00
Project("{FAE04EC0-301F-11D3-BF4B-00C04F79EFBC}") = "JPT.Core", "src\JPT.Core\JPT.Core.csproj", "{FB3F851E-694B-4555-80D0-C4E3D4F86110}"
EndProject
Global
	GlobalSection(SolutionConfigurationPlatforms) = preSolution
		Debug|Any CPU = Debug|Any CPU
		Release|Any CPU = Release|Any CPU
	EndGlobalSection
	GlobalSection(ProjectConfigurationPlatforms) = postSolution
		{F5F3E67E-3F90-474F-B3EF-816DEC4F5E52}.Debug|Any CPU.ActiveCfg = Debug|Any CPU
		{F5F3E67E-3F90-474F-B3EF-816DEC4F5E52}.Debug|Any CPU.Build.0 = Debug|Any CPU
		{F5F3E67E-3F90-474F-B3EF-816DEC4F5E52}.Release|Any CPU.ActiveCfg = Release|Any CPU
		{F5F3E67E-3F90-474F-B3EF-816DEC4F5E52}.Release|Any CPU.Build.0 = Release|Any CPU
		{FB3F851E-694B-4555-80D0-C4E3D4F86110}.Debug|Any CPU.ActiveCfg = Debug|Any CPU
		{FB3F851E-694B-4555-80D0-C4E3D4F86110}.Debug|Any CPU.Build.0 = Debug|Any CPU
		{FB3F851E-694B-4555-80D0-C4E3D4F86110}.Release|Any CPU.ActiveCfg = Release|Any CPU
		{FB3F851E-694B-4555-80D0-C4E3D4F86110}.Release|Any CPU.Build.0 = Release|Any CPU
	EndGlobalSection
EndGlobal
